
Microsoft Visual Studio Solution File, Format Version 12.00
# Visual Studio Version 17
VisualStudioVersion = 17.14.36109.1 d17.14
MinimumVisualStudioVersion = 10.0.40219.1
Project("{FAE04EC0-301F-11D3-BF4B-00C04F79EFBC}") = "StartC", "StartC\StartC.csproj", "{60B966D7-3A2B-4FA1-B1DE-B5654F78AB05}"
EndProject
Global
	GlobalSection(SolutionConfigurationPlatforms) = preSolution
		Debug|Any CPU = Debug|Any CPU
		Release|Any CPU = Release|Any CPU
	EndGlobalSection
	GlobalSection(ProjectConfigurationPlatforms) = postSolution
		{60B966D7-3A2B-4FA1-B1DE-B5654F78AB05}.Debug|Any CPU.ActiveCfg = Debug|Any CPU
		{60B966D7-3A2B-4FA1-B1DE-B5654F78AB05}.Debug|Any CPU.Build.0 = Debug|Any CPU
		{60B966D7-3A2B-4FA1-B1DE-B5654F78AB05}.Release|Any CPU.ActiveCfg = Release|Any CPU
		{60B966D7-3A2B-4FA1-B1DE-B5654F78AB05}.Release|Any CPU.Build.0 = Release|Any CPU
	EndGlobalSection
	GlobalSection(SolutionProperties) = preSolution
		HideSolutionNode = FALSE
	EndGlobalSection
	GlobalSection(ExtensibilityGlobals) = postSolution
		SolutionGuid = {A0E84D9F-B291-49F8-A294-228E7B553B9E}
	EndGlobalSection
EndGlobal
